version: 6
environments:
  default:
    channels:
    - url: https://prefix.dev/pixi-build-backends/
    - url: https://prefix.dev/robostack-noetic/
    - url: https://prefix.dev/conda-forge/
    options:
      pypi-prerelease-mode: if-necessary-or-explicit
    packages:
      linux-64:
      - conda: https://prefix.dev/conda-forge/linux-64/_openmp_mutex-4.5-20_gnu.conda
      - conda: https://prefix.dev/conda-forge/linux-64/bzip2-1.0.8-hda65f42_9.conda
      - conda: https://prefix.dev/conda-forge/noarch/ca-certificates-2026.4.22-hbd8a1cb_0.conda
      - conda: https://prefix.dev/conda-forge/linux-64/gtest-1.17.0-h84d6215_1.conda
      - conda: https://prefix.dev/conda-forge/linux-64/icu-78.3-h33c6efd_0.conda
      - conda: https://prefix.dev/conda-forge/linux-64/ld_impl_linux-64-2.45.1-default_hbd61a6d_102.conda
      - conda: https://prefix.dev/conda-forge/linux-64/libblas-3.11.0-6_h4a7cf45_openblas.conda
      - conda: https://prefix.dev/conda-forge/linux-64/libboost-1.88.0-hd24cca6_7.conda
      - conda: https://prefix.dev/conda-forge/linux-64/libboost-devel-1.88.0-hfcd1e18_7.conda
      - conda: https://prefix.dev/conda-forge/linux-64/libboost-headers-1.88.0-ha770c72_7.conda
      - conda: https://prefix.dev/conda-forge/linux-64/libboost-python-1.88.0-py312hf890105_7.conda
      - conda: https://prefix.dev/conda-forge/linux-64/libboost-python-devel-1.88.0-py312h26dfbe5_7.conda
      - conda: https://prefix.dev/conda-forge/linux-64/libcblas-3.11.0-6_h0358290_openblas.conda
      - conda: https://prefix.dev/conda-forge/linux-64/libexpat-2.8.0-hecca717_0.conda
      - conda: https://prefix.dev/conda-forge/linux-64/libffi-3.5.2-h3435931_0.conda
      - conda: https://prefix.dev/conda-forge/linux-64/libgcc-15.2.0-he0feb66_18.conda
      - conda: https://prefix.dev/conda-forge/linux-64/libgcc-ng-15.2.0-h69a702a_18.conda
      - conda: https://prefix.dev/conda-forge/linux-64/libgfortran-15.2.0-h69a702a_18.conda
      - conda: https://prefix.dev/conda-forge/linux-64/libgfortran5-15.2.0-h68bc16d_18.conda
      - conda: https://prefix.dev/conda-forge/linux-64/libgomp-15.2.0-he0feb66_18.conda
      - conda: https://prefix.dev/conda-forge/linux-64/liblapack-3.11.0-6_h47877c9_openblas.conda
      - conda: https://prefix.dev/conda-forge/linux-64/liblzma-5.8.3-hb03c661_0.conda
      - conda: https://prefix.dev/conda-forge/linux-64/libnsl-2.0.1-hb9d3cd8_1.conda
      - conda: https://prefix.dev/conda-forge/linux-64/libopenblas-0.3.32-pthreads_h94d23a6_0.conda
      - conda: https://prefix.dev/conda-forge/linux-64/libsqlite-3.53.1-h0c1763c_0.conda
      - conda: https://prefix.dev/conda-forge/linux-64/libstdcxx-15.2.0-h934c35e_18.conda
      - conda: https://prefix.dev/conda-forge/linux-64/libuuid-2.42-h5347b49_0.conda
      - conda: https://prefix.dev/conda-forge/linux-64/libxcrypt-4.4.36-hd590300_1.conda
      - conda: https://prefix.dev/conda-forge/linux-64/libzlib-1.3.2-h25fd6f3_2.conda
      - conda: https://prefix.dev/conda-forge/linux-64/ncurses-6.6-hdb14827_0.conda
      - conda: https://prefix.dev/conda-forge/linux-64/numpy-2.4.3-py312h33ff503_0.conda
      - conda: https://prefix.dev/conda-forge/linux-64/openssl-3.6.2-h35e630c_0.conda
      - conda: https://prefix.dev/conda-forge/linux-64/python-3.12.13-hd63d673_0_cpython.conda
      - conda: https://prefix.dev/conda-forge/noarch/python_abi-3.12-8_cp312.conda
      - conda: https://prefix.dev/conda-forge/linux-64/readline-8.3-h853b02a_0.conda
      - conda: https://prefix.dev/robostack-noetic/linux-64/ros-distro-mutex-0.7.0-noetic_24.conda
      - conda: https://prefix.dev/conda-forge/linux-64/tk-8.6.13-noxft_h366c992_103.conda
      - conda: https://prefix.dev/conda-forge/noarch/tzdata-2025c-hc9c84f9_1.conda
      - conda: https://prefix.dev/conda-forge/linux-64/zstd-1.5.7-hb78ec9c_6.conda
      - conda: kalibr/Schweizer-Messer/python_module/package.xml
      - conda: kalibr/Schweizer-Messer/sm_common/package.xml
packages:
- conda: https://prefix.dev/conda-forge/linux-64/_openmp_mutex-4.5-20_gnu.conda
  build_number: 20
  sha256: 1dd3fffd892081df9726d7eb7e0dea6198962ba775bd88842135a4ddb4deb3c9
  md5: a9f577daf3de00bca7c3c76c0ecbd1de
  depends:
  - __glibc >=2.17,<3.0.a0
  - libgomp >=7.5.0
  constrains:
  - openmp_impl <0.0a0
  license: BSD-3-Clause
  license_family: BSD
  size: 28948
  timestamp: 1770939786096
- conda: https://prefix.dev/conda-forge/linux-64/bzip2-1.0.8-hda65f42_9.conda
  sha256: 0b75d45f0bba3e95dc693336fa51f40ea28c980131fec438afb7ce6118ed05f6
  md5: d2ffd7602c02f2b316fd921d39876885
  depends:
  - __glibc >=2.17,<3.0.a0
  - libgcc >=14
  license: bzip2-1.0.6
  license_family: BSD
  size: 260182
  timestamp: 1771350215188
- conda: https://prefix.dev/conda-forge/noarch/ca-certificates-2026.4.22-hbd8a1cb_0.conda
  sha256: c9dbcc8039a52023660d6d1bbf87594a93dd69c6ac5a2a44323af2c92976728d
  md5: e18ad67cf881dcadee8b8d9e2f8e5f73
  depends:
  - __unix
  license: ISC
  size: 131039
  timestamp: 1776865545798
- conda: https://prefix.dev/conda-forge/linux-64/gtest-1.17.0-h84d6215_1.conda
  sha256: 1f738280f245863c5ac78bcc04bb57266357acda45661c4aa25823030c6fb5db
  md5: 55e29b72a71339bc651f9975492db71f
  depends:
  - __glibc >=2.17,<3.0.a0
  - libgcc >=13
  - libstdcxx >=13
  constrains:
  - gmock 1.17.0
  license: BSD-3-Clause
  license_family: BSD
  size: 416610
  timestamp: 1748320117187
- conda: https://prefix.dev/conda-forge/linux-64/icu-78.3-h33c6efd_0.conda
  sha256: fbf86c4a59c2ed05bbffb2ba25c7ed94f6185ec30ecb691615d42342baa1a16a
  md5: c80d8a3b84358cb967fa81e7075fbc8a
  depends:
  - __glibc >=2.17,<3.0.a0
  - libgcc >=14
  - libstdcxx >=14
  license: MIT
  license_family: MIT
  size: 12723451
  timestamp: 1773822285671
- conda: https://prefix.dev/conda-forge/linux-64/ld_impl_linux-64-2.45.1-default_hbd61a6d_102.conda
  sha256: 3d584956604909ff5df353767f3a2a2f60e07d070b328d109f30ac40cd62df6c
  md5: 18335a698559cdbcd86150a48bf54ba6
  depends:
  - __glibc >=2.17,<3.0.a0
  - zstd >=1.5.7,<1.6.0a0
  constrains:
  - binutils_impl_linux-64 2.45.1
  license: GPL-3.0-only
  license_family: GPL
  size: 728002
  timestamp: 1774197446916
- conda: https://prefix.dev/conda-forge/linux-64/libblas-3.11.0-6_h4a7cf45_openblas.conda
  build_number: 6
  sha256: 7bfe936dbb5db04820cf300a9cc1f5ee8d5302fc896c2d66e30f1ee2f20fbfd6
  md5: 6d6d225559bfa6e2f3c90ee9c03d4e2e
  depends:
  - libopenblas >=0.3.32,<0.3.33.0a0
  - libopenblas >=0.3.32,<1.0a0
  constrains:
  - blas 2.306   openblas
  - liblapack  3.11.0   6*_openblas
  - liblapacke 3.11.0   6*_openblas
  - libcblas   3.11.0   6*_openblas
  - mkl <2026
  license: BSD-3-Clause
  license_family: BSD
  size: 18621
  timestamp: 1774503034895
- conda: https://prefix.dev/conda-forge/linux-64/libboost-1.88.0-hd24cca6_7.conda
  sha256: dd489228e1916c7720c925248d0ba12803d1dc8b9898be0c51f4ab37bab6ffa5
  md5: d70e4dc6a847d437387d45462fe60cf9
  depends:
  - __glibc >=2.17,<3.0.a0
  - bzip2 >=1.0.8,<2.0a0
  - icu >=78.1,<79.0a0
  - libgcc >=14
  - liblzma >=5.8.1,<6.0a0
  - libstdcxx >=14
  - libzlib >=1.3.1,<2.0a0
  - zstd >=1.5.7,<1.6.0a0
  constrains:
  - boost-cpp <0.0a0
  license: BSL-1.0
  size: 3072984
  timestamp: 1766347479317
- conda: https://prefix.dev/conda-forge/linux-64/libboost-devel-1.88.0-hfcd1e18_7.conda
  sha256: 249e7a58aee14a619d4f6bca3ad955b7a0a84aad6ab201f734bb21ea16e654e6
  md5: 97ac87592030b16fa193c877538be3d5
  depends:
  - libboost 1.88.0 hd24cca6_7
  - libboost-headers 1.88.0 ha770c72_7
  constrains:
  - boost-cpp <0.0a0
  license: BSL-1.0
  size: 40112
  timestamp: 1766347628036
- conda: https://prefix.dev/conda-forge/linux-64/libboost-headers-1.88.0-ha770c72_7.conda
  sha256: 88194078f2de6b68c40563871ccf638fd48cd1cf1d203ac4e653cee9cedd31a6
  md5: d9011bcea61514b510209b882a459a57
  constrains:
  - boost-cpp <0.0a0
  license: BSL-1.0
  size: 14584021
  timestamp: 1766347497416
- conda: https://prefix.dev/conda-forge/linux-64/libboost-python-1.88.0-py312hf890105_7.conda
  sha256: 53983b23517b668eae8a8db06bd47765c6fb33d65947222925462bdc43a87686
  md5: e7b252a7225110779b7e1df8d01ac9a0
  depends:
  - __glibc >=2.17,<3.0.a0
  - libboost 1.88.0 hd24cca6_7
  - libgcc >=14
  - libstdcxx >=14
  - numpy >=1.23,<3
  - python >=3.12,<3.13.0a0
  - python_abi 3.12.* *_cp312
  constrains:
  - py-boost <0.0a0
  - boost <0.0a0
  license: BSL-1.0
  size: 130172
  timestamp: 1766347836920
- conda: https://prefix.dev/conda-forge/linux-64/libboost-python-devel-1.88.0-py312h26dfbe5_7.conda
  sha256: bbf92788225d7aec6e13678cb1cb812b3336aaf4a812ab09739cb0495504b3bd
  md5: f541dd78a5952bff51acd5b7b9e53acf
  depends:
  - libboost-devel 1.88.0 hfcd1e18_7
  - libboost-python 1.88.0 py312hf890105_7
  - numpy >=1.23,<3
  - python >=3.12,<3.13.0a0
  - python_abi 3.12.* *_cp312
  constrains:
  - py-boost <0.0a0
  - boost <0.0a0
  license: BSL-1.0
  size: 18972
  timestamp: 1766348204323
- conda: https://prefix.dev/conda-forge/linux-64/libcblas-3.11.0-6_h0358290_openblas.conda
  build_number: 6
  sha256: 57edafa7796f6fa3ebbd5367692dd4c7f552be42109c2dd1a7c89b55089bf374
  md5: 36ae340a916635b97ac8a0655ace2a35
  depends:
  - libblas 3.11.0 6_h4a7cf45_openblas
  constrains:
  - blas 2.306   openblas
  - liblapack  3.11.0   6*_openblas
  - liblapacke 3.11.0   6*_openblas
  license: BSD-3-Clause
  license_family: BSD
  size: 18622
  timestamp: 1774503050205
- conda: https://prefix.dev/conda-forge/linux-64/libexpat-2.8.0-hecca717_0.conda
  sha256: ea33c40977ea7a2c3658c522230058395bc2ee0d89d99f0711390b6a1ee80d12
  md5: a3b390520c563d78cc58974de95a03e5
  depends:
  - __glibc >=2.17,<3.0.a0
  - libgcc >=14
  constrains:
  - expat 2.8.0.*
  license: MIT
  license_family: MIT
  size: 77241
  timestamp: 1777846112704
- conda: https://prefix.dev/conda-forge/linux-64/libffi-3.5.2-h3435931_0.conda
  sha256: 31f19b6a88ce40ebc0d5a992c131f57d919f73c0b92cd1617a5bec83f6e961e6
  md5: a360c33a5abe61c07959e449fa1453eb
  depends:
  - __glibc >=2.17,<3.0.a0
  - libgcc >=14
  license: MIT
  license_family: MIT
  size: 58592
  timestamp: 1769456073053
- conda: https://prefix.dev/conda-forge/linux-64/libgcc-15.2.0-he0feb66_18.conda
  sha256: faf7d2017b4d718951e3a59d081eb09759152f93038479b768e3d612688f83f5
  md5: 0aa00f03f9e39fb9876085dee11a85d4
  depends:
  - __glibc >=2.17,<3.0.a0
  - _openmp_mutex >=4.5
  constrains:
  - libgcc-ng ==15.2.0=*_18
  - libgomp 15.2.0 he0feb66_18
  license: GPL-3.0-only WITH GCC-exception-3.1
  license_family: GPL
  size: 1041788
  timestamp: 1771378212382
- conda: https://prefix.dev/conda-forge/linux-64/libgcc-ng-15.2.0-h69a702a_18.conda
  sha256: e318a711400f536c81123e753d4c797a821021fb38970cebfb3f454126016893
  md5: d5e96b1ed75ca01906b3d2469b4ce493
  depends:
  - libgcc 15.2.0 he0feb66_18
  license: GPL-3.0-only WITH GCC-exception-3.1
  license_family: GPL
  size: 27526
  timestamp: 1771378224552
- conda: https://prefix.dev/conda-forge/linux-64/libgfortran-15.2.0-h69a702a_18.conda
  sha256: d2c9fad338fd85e4487424865da8e74006ab2e2475bd788f624d7a39b2a72aee
  md5: 9063115da5bc35fdc3e1002e69b9ef6e
  depends:
  - libgfortran5 15.2.0 h68bc16d_18
  constrains:
  - libgfortran-ng ==15.2.0=*_18
  license: GPL-3.0-only WITH GCC-exception-3.1
  license_family: GPL
  size: 27523
  timestamp: 1771378269450
- conda: https://prefix.dev/conda-forge/linux-64/libgfortran5-15.2.0-h68bc16d_18.conda
  sha256: 539b57cf50ec85509a94ba9949b7e30717839e4d694bc94f30d41c9d34de2d12
  md5: 646855f357199a12f02a87382d429b75
  depends:
  - __glibc >=2.17,<3.0.a0
  - libgcc >=15.2.0
  constrains:
  - libgfortran 15.2.0
  license: GPL-3.0-only WITH GCC-exception-3.1
  license_family: GPL
  size: 2482475
  timestamp: 1771378241063
- conda: https://prefix.dev/conda-forge/linux-64/libgomp-15.2.0-he0feb66_18.conda
  sha256: 21337ab58e5e0649d869ab168d4e609b033509de22521de1bfed0c031bfc5110
  md5: 239c5e9546c38a1e884d69effcf4c882
  depends:
  - __glibc >=2.17,<3.0.a0
  license: GPL-3.0-only WITH GCC-exception-3.1
  license_family: GPL
  size: 603262
  timestamp: 1771378117851
- conda: https://prefix.dev/conda-forge/linux-64/liblapack-3.11.0-6_h47877c9_openblas.conda
  build_number: 6
  sha256: 371f517eb7010b21c6cc882c7606daccebb943307cb9a3bf2c70456a5c024f7d
  md5: 881d801569b201c2e753f03c84b85e15
  depends:
  - libblas 3.11.0 6_h4a7cf45_openblas
  constrains:
  - blas 2.306   openblas
  - liblapacke 3.11.0   6*_openblas
  - libcblas   3.11.0   6*_openblas
  license: BSD-3-Clause
  license_family: BSD
  size: 18624
  timestamp: 1774503065378
- conda: https://prefix.dev/conda-forge/linux-64/liblzma-5.8.3-hb03c661_0.conda
  sha256: ec30e52a3c1bf7d0425380a189d209a52baa03f22fb66dd3eb587acaa765bd6d
  md5: b88d90cad08e6bc8ad540cb310a761fb
  depends:
  - __glibc >=2.17,<3.0.a0
  - libgcc >=14
  constrains:
  - xz 5.8.3.*
  license: 0BSD
  size: 113478
  timestamp: 1775825492909
- conda: https://prefix.dev/conda-forge/linux-64/libnsl-2.0.1-hb9d3cd8_1.conda
  sha256: 927fe72b054277cde6cb82597d0fcf6baf127dcbce2e0a9d8925a68f1265eef5
  md5: d864d34357c3b65a4b731f78c0801dc4
  depends:
  - __glibc >=2.17,<3.0.a0
  - libgcc >=13
  license: LGPL-2.1-only
  license_family: GPL
  size: 33731
  timestamp: 1750274110928
- conda: https://prefix.dev/conda-forge/linux-64/libopenblas-0.3.32-pthreads_h94d23a6_0.conda
  sha256: 6dc30b28f32737a1c52dada10c8f3a41bc9e021854215efca04a7f00487d09d9
  md5: 89d61bc91d3f39fda0ca10fcd3c68594
  depends:
  - __glibc >=2.17,<3.0.a0
  - libgcc >=14
  - libgfortran
  - libgfortran5 >=14.3.0
  constrains:
  - openblas >=0.3.32,<0.3.33.0a0
  license: BSD-3-Clause
  license_family: BSD
  size: 5928890
  timestamp: 1774471724897
- conda: https://prefix.dev/conda-forge/linux-64/libsqlite-3.53.1-h0c1763c_0.conda
  sha256: 54cdcd3214313b62c2a8ee277e6f42150d9b748264c1b70d958bf735e420ef8d
  md5: 7dc38adcbf71e6b38748e919e16e0dce
  depends:
  - __glibc >=2.17,<3.0.a0
  - libgcc >=14
  - libzlib >=1.3.2,<2.0a0
  license: blessing
  size: 954962
  timestamp: 1777986471789
- conda: https://prefix.dev/conda-forge/linux-64/libstdcxx-15.2.0-h934c35e_18.conda
  sha256: 78668020064fdaa27e9ab65cd2997e2c837b564ab26ce3bf0e58a2ce1a525c6e
  md5: 1b08cd684f34175e4514474793d44bcb
  depends:
  - __glibc >=2.17,<3.0.a0
  - libgcc 15.2.0 he0feb66_18
  constrains:
  - libstdcxx-ng ==15.2.0=*_18
  license: GPL-3.0-only WITH GCC-exception-3.1
  license_family: GPL
  size: 5852330
  timestamp: 1771378262446
- conda: https://prefix.dev/conda-forge/linux-64/libuuid-2.42-h5347b49_0.conda
  sha256: bc1b08c92626c91500fd9f26f2c797f3eb153b627d53e9c13cd167f1e12b2829
  md5: 38ffe67b78c9d4de527be8315e5ada2c
  depends:
  - __glibc >=2.17,<3.0.a0
  - libgcc >=14
  license: BSD-3-Clause
  license_family: BSD
  size: 40297
  timestamp: 1775052476770
- conda: https://prefix.dev/conda-forge/linux-64/libxcrypt-4.4.36-hd590300_1.conda
  sha256: 6ae68e0b86423ef188196fff6207ed0c8195dd84273cb5623b85aa08033a410c
  md5: 5aa797f8787fe7a17d1b0821485b5adc
  depends:
  - libgcc-ng >=12
  license: LGPL-2.1-or-later
  size: 100393
  timestamp: 1702724383534
- conda: https://prefix.dev/conda-forge/linux-64/libzlib-1.3.2-h25fd6f3_2.conda
  sha256: 55044c403570f0dc26e6364de4dc5368e5f3fc7ff103e867c487e2b5ab2bcda9
  md5: d87ff7921124eccd67248aa483c23fec
  depends:
  - __glibc >=2.17,<3.0.a0
  constrains:
  - zlib 1.3.2 *_2
  license: Zlib
  license_family: Other
  size: 63629
  timestamp: 1774072609062
- conda: https://prefix.dev/conda-forge/linux-64/ncurses-6.6-hdb14827_0.conda
  sha256: fc89f74bbe362fb29fa3c037697a89bec140b346a2469a90f7936d1d7ea4d8a3
  md5: fc21868a1a5aacc937e7a18747acb8a5
  depends:
  - __glibc >=2.17,<3.0.a0
  - libgcc >=14
  license: X11 AND BSD-3-Clause
  size: 918956
  timestamp: 1777422145199
- conda: https://prefix.dev/conda-forge/linux-64/numpy-2.4.3-py312h33ff503_0.conda
  sha256: 1aab7ba963affa572956b1bd8d239df52a9c7bc799c560f98bc658ab70224e10
  md5: 5930ee8a175a242b4f001b1e9e72024f
  depends:
  - python
  - libgcc >=14
  - libstdcxx >=14
  - __glibc >=2.17,<3.0.a0
  - liblapack >=3.9.0,<4.0a0
  - libblas >=3.9.0,<4.0a0
  - python_abi 3.12.* *_cp312
  - libcblas >=3.9.0,<4.0a0
  constrains:
  - numpy-base <0a0
  license: BSD-3-Clause
  license_family: BSD
  size: 8757569
  timestamp: 1773839284329
- conda: https://prefix.dev/conda-forge/linux-64/openssl-3.6.2-h35e630c_0.conda
  sha256: c0ef482280e38c71a08ad6d71448194b719630345b0c9c60744a2010e8a8e0cb
  md5: da1b85b6a87e141f5140bb9924cecab0
  depends:
  - __glibc >=2.17,<3.0.a0
  - ca-certificates
  - libgcc >=14
  license: Apache-2.0
  license_family: Apache
  size: 3167099
  timestamp: 1775587756857
- conda: https://prefix.dev/conda-forge/linux-64/python-3.12.13-hd63d673_0_cpython.conda
  sha256: a44655c1c3e1d43ed8704890a91e12afd68130414ea2c0872e154e5633a13d7e
  md5: 7eccb41177e15cc672e1babe9056018e
  depends:
  - __glibc >=2.17,<3.0.a0
  - bzip2 >=1.0.8,<2.0a0
  - ld_impl_linux-64 >=2.36.1
  - libexpat >=2.7.4,<3.0a0
  - libffi >=3.5.2,<3.6.0a0
  - libgcc >=14
  - liblzma >=5.8.2,<6.0a0
  - libnsl >=2.0.1,<2.1.0a0
  - libsqlite >=3.51.2,<4.0a0
  - libuuid >=2.41.3,<3.0a0
  - libxcrypt >=4.4.36
  - libzlib >=1.3.1,<2.0a0
  - ncurses >=6.5,<7.0a0
  - openssl >=3.5.5,<4.0a0
  - readline >=8.3,<9.0a0
  - tk >=8.6.13,<8.7.0a0
  - tzdata
  constrains:
  - python_abi 3.12.* *_cp312
  license: Python-2.0
  size: 31608571
  timestamp: 1772730708989
- conda: https://prefix.dev/conda-forge/noarch/python_abi-3.12-8_cp312.conda
  build_number: 8
  sha256: 80677180dd3c22deb7426ca89d6203f1c7f1f256f2d5a94dc210f6e758229809
  md5: c3efd25ac4d74b1584d2f7a57195ddf1
  constrains:
  - python 3.12.* *_cpython
  license: BSD-3-Clause
  license_family: BSD
  size: 6958
  timestamp: 1752805918820
- conda: https://prefix.dev/conda-forge/linux-64/readline-8.3-h853b02a_0.conda
  sha256: 12ffde5a6f958e285aa22c191ca01bbd3d6e710aa852e00618fa6ddc59149002
  md5: d7d95fc8287ea7bf33e0e7116d2b95ec
  depends:
  - __glibc >=2.17,<3.0.a0
  - libgcc >=14
  - ncurses >=6.5,<7.0a0
  license: GPL-3.0-only
  license_family: GPL
  size: 345073
  timestamp: 1765813471974
- conda: https://prefix.dev/robostack-noetic/linux-64/ros-distro-mutex-0.7.0-noetic_24.conda
  sha256: f900cb42edfb613e0c57ebdee154994f45b7de2e9efde063bc51662f0c94a753
  md5: bcafa932befa598e6b538b0e0995207e
  constrains:
  - libboost 1.88.*
  - libboost-devel 1.88.*
  - pcl 1.15.1.*
  - gazebo 11.*
  - libprotobuf 6.33.5.*
  - libxml2 2.14.*
  - ogre 1.10.12.*
  - libopencv * qt6*
  - krb5 1.21.*
  license: BSD-3-Clause
  size: 2412
  timestamp: 1773547246717
- conda: kalibr/Schweizer-Messer/python_module/package.xml
  name: ros-noetic-python-module
  version: 0.0.1
  build: hb0f4dca_0
  subdir: linux-64
  variants:
    target_platform: linux-64
  depends:
  - ros-distro-mutex
  - ros-distro-mutex >=0.7.0,<0.8.0a0
  - libgcc >=15
  - libgcc >=15
  - libstdcxx >=15
  - python_abi 3.12.* *_cp312
  - numpy >=1.23,<3
- conda: kalibr/Schweizer-Messer/sm_common/package.xml
  name: ros-noetic-sm-common
  version: 0.0.1
  build: hb0f4dca_0
  subdir: linux-64
  variants:
    target_platform: linux-64
  depends:
  - libboost-devel
  - libboost-python-devel
  - ros-distro-mutex
  - ros-distro-mutex >=0.7.0,<0.8.0a0
  - libgcc >=15
  - libgcc >=15
  - libstdcxx >=15
  - libboost >=1.88.0,<1.89.0a0
  - libboost-python >=1.88.0,<1.89.0a0
  - gtest >=1.17.0,<1.17.1.0a0
  - python_abi 3.12.* *_cp312
  - numpy >=1.23,<3
- conda: https://prefix.dev/conda-forge/linux-64/tk-8.6.13-noxft_h366c992_103.conda
  sha256: cafeec44494f842ffeca27e9c8b0c27ed714f93ac77ddadc6aaf726b5554ebac
  md5: cffd3bdd58090148f4cfcd831f4b26ab
  depends:
  - __glibc >=2.17,<3.0.a0
  - libgcc >=14
  - libzlib >=1.3.1,<2.0a0
  constrains:
  - xorg-libx11 >=1.8.12,<2.0a0
  license: TCL
  license_family: BSD
  size: 3301196
  timestamp: 1769460227866
- conda: https://prefix.dev/conda-forge/noarch/tzdata-2025c-hc9c84f9_1.conda
  sha256: 1d30098909076af33a35017eed6f2953af1c769e273a0626a04722ac4acaba3c
  md5: ad659d0a2b3e47e38d829aa8cad2d610
  license: LicenseRef-Public-Domain
  size: 119135
  timestamp: 1767016325805
- conda: https://prefix.dev/conda-forge/linux-64/zstd-1.5.7-hb78ec9c_6.conda
  sha256: 68f0206ca6e98fea941e5717cec780ed2873ffabc0e1ed34428c061e2c6268c7
  md5: 4a13eeac0b5c8e5b8ab496e6c4ddd829
  depends:
  - __glibc >=2.17,<3.0.a0
  - libzlib >=1.3.1,<2.0a0
  license: BSD-3-Clause
  license_family: BSD
  size: 601375
  timestamp: 1764777111296
